{
  "version": 4,
  "terraform_version": "1.3.5",
  "serial": 5,
  "lineage": "64756ace-eda8-ef92-69a5-ef937202a7fb",
  "outputs": {
    "external_ip_address_vm_1": {
      "value": "62.84.113.232",
      "type": "string"
    },
    "external_ip_address_vm_2": {
      "value": "51.250.72.74",
      "type": "string"
    },
    "internal_ip_address_vm_1": {
      "value": "192.168.10.12",
      "type": "string"
    },
    "internal_ip_address_vm_2": {
      "value": "192.168.10.23",
      "type": "string"
    }
  },
  "resources": [
    {
      "mode": "managed",
      "type": "yandex_compute_instance",
      "name": "vm-1",
      "provider": "provider[\"registry.tfpla.net/yandex-cloud/yandex\"]",
      "instances": [
        {
          "schema_version": 1,
          "attributes": {
            "allow_recreate": null,
            "allow_stopping_for_update": null,
            "boot_disk": [
              {
                "auto_delete": true,
                "device_name": "fhmci4igla205n6sc589",
                "disk_id": "fhmci4igla205n6sc589",
                "initialize_params": [
                  {
                    "block_size": 4096,
                    "description": "",
                    "image_id": "fd81hgrcv6lsnkremf32",
                    "name": "",
                    "size": 3,
                    "snapshot_id": "",
                    "type": "network-hdd"
                  }
                ],
                "mode": "READ_WRITE"
              }
            ],
            "created_at": "2022-11-30T13:45:05Z",
            "description": "",
            "folder_id": "b1gve20no6km23e5e2af",
            "fqdn": "fhm0hg9g9mdh64cqsnp8.auto.internal",
            "hostname": "",
            "id": "fhm0hg9g9mdh64cqsnp8",
            "labels": null,
            "local_disk": [],
            "metadata": {
              "ssh-keys": "ubuntu:ssh-rsa AAAAB3NzaC1yc2EAAAADAQABAAABgQC1vg/SVKFoOABoqChtNj2HHa4CTQy4J60Ozxcw3vubWLBfbNGGmgfkAh7kg+RROZxfZwAox3Toex+ql5C7A7E4SDXmCZPWb71x1x2QPMCDk5yRbr0vrvBfYD1Ezq3YHicQ4eMfKkpcYsNk4tqtRNZBkOYMGMcFT8iI5wHSrZjXTCPqG8bfE5BjaXHOnrLeebQKYCLHQ2tt13zZYc2BpqZrQzPbEnnYLzxi+xJwFEgSJfupCNJVLBBarpyumlG5EAFE/NKDG4rKdzmG73Qbe5HKmPBPc/6wx9MkVGvooiSC0RekQdLYphrdtu+U7xqk2mw5ldHBe62efMVBYuizZue1cDziZ+2ebKeXUWrMN5Cm2c9qQBLxq1IaTTcrDezbS6W2Y+an0yzxCsYzcsRpignTSfR8dqfN5buab9gDlVDe2N1dV+rj1tHD4KY2rFtlcyqvd/t7zXiiRJltUVzer1N5pGue2pSHIwVEnNKUk+AhAUbv73n6zB07/zLFkS2Phpk="
            },
            "name": "terraform1",
            "network_acceleration_type": "standard",
            "network_interface": [
              {
                "dns_record": [],
                "index": 0,
                "ip_address": "192.168.10.12",
                "ipv4": true,
                "ipv6": false,
                "ipv6_address": "",
                "ipv6_dns_record": [],
                "mac_address": "d0:0d:8c:13:04:d9",
                "nat": true,
                "nat_dns_record": [],
                "nat_ip_address": "62.84.113.232",
                "nat_ip_version": "IPV4",
                "security_group_ids": [],
                "subnet_id": "e9bmdh18nebe5kbgshr8"
              }
            ],
            "placement_policy": [
              {
                "host_affinity_rules": [],
                "placement_group_id": ""
              }
            ],
            "platform_id": "standard-v1",
            "resources": [
              {
                "core_fraction": 100,
                "cores": 2,
                "gpus": 0,
                "memory": 2
              }
            ],
            "scheduling_policy": [
              {
                "preemptible": false
              }
            ],
            "secondary_disk": [],
            "service_account_id": "",
            "status": "running",
            "timeouts": null,
            "zone": "ru-central1-a"
          },
          "sensitive_attributes": [],
          "private": "eyJlMmJmYjczMC1lY2FhLTExZTYtOGY4OC0zNDM2M2JjN2M0YzAiOnsiY3JlYXRlIjozMDAwMDAwMDAwMDAsImRlbGV0ZSI6MzAwMDAwMDAwMDAwLCJ1cGRhdGUiOjMwMDAwMDAwMDAwMH0sInNjaGVtYV92ZXJzaW9uIjoiMSJ9",
          "dependencies": [
            "yandex_vpc_network.network-1",
            "yandex_vpc_subnet.subnet-1"
          ]
        }
      ]
    },
    {
      "mode": "managed",
      "type": "yandex_compute_instance",
      "name": "vm-2",
      "provider": "provider[\"registry.tfpla.net/yandex-cloud/yandex\"]",
      "instances": [
        {
          "schema_version": 1,
          "attributes": {
            "allow_recreate": null,
            "allow_stopping_for_update": null,
            "boot_disk": [
              {
                "auto_delete": true,
                "device_name": "fhms8rtb2q3gej44forq",
                "disk_id": "fhms8rtb2q3gej44forq",
                "initialize_params": [
                  {
                    "block_size": 4096,
                    "description": "",
                    "image_id": "fd81hgrcv6lsnkremf32",
                    "name": "",
                    "size": 3,
                    "snapshot_id": "",
                    "type": "network-hdd"
                  }
                ],
                "mode": "READ_WRITE"
              }
            ],
            "created_at": "2022-11-30T13:45:05Z",
            "description": "",
            "folder_id": "b1gve20no6km23e5e2af",
            "fqdn": "fhmic4ag16bg48ojb2rt.auto.internal",
            "hostname": "",
            "id": "fhmic4ag16bg48ojb2rt",
            "labels": null,
            "local_disk": [],
            "metadata": {
              "ssh-keys": "ubuntu:ssh-rsa AAAAB3NzaC1yc2EAAAADAQABAAABgQC1vg/SVKFoOABoqChtNj2HHa4CTQy4J60Ozxcw3vubWLBfbNGGmgfkAh7kg+RROZxfZwAox3Toex+ql5C7A7E4SDXmCZPWb71x1x2QPMCDk5yRbr0vrvBfYD1Ezq3YHicQ4eMfKkpcYsNk4tqtRNZBkOYMGMcFT8iI5wHSrZjXTCPqG8bfE5BjaXHOnrLeebQKYCLHQ2tt13zZYc2BpqZrQzPbEnnYLzxi+xJwFEgSJfupCNJVLBBarpyumlG5EAFE/NKDG4rKdzmG73Qbe5HKmPBPc/6wx9MkVGvooiSC0RekQdLYphrdtu+U7xqk2mw5ldHBe62efMVBYuizZue1cDziZ+2ebKeXUWrMN5Cm2c9qQBLxq1IaTTcrDezbS6W2Y+an0yzxCsYzcsRpignTSfR8dqfN5buab9gDlVDe2N1dV+rj1tHD4KY2rFtlcyqvd/t7zXiiRJltUVzer1N5pGue2pSHIwVEnNKUk+AhAUbv73n6zB07/zLFkS2Phpk="
            },
            "name": "terraform2",
            "network_acceleration_type": "standard",
            "network_interface": [
              {
                "dns_record": [],
                "index": 0,
                "ip_address": "192.168.10.23",
                "ipv4": true,
                "ipv6": false,
                "ipv6_address": "",
                "ipv6_dns_record": [],
                "mac_address": "d0:0d:12:61:15:00",
                "nat": true,
                "nat_dns_record": [],
                "nat_ip_address": "51.250.72.74",
                "nat_ip_version": "IPV4",
                "security_group_ids": [],
                "subnet_id": "e9bmdh18nebe5kbgshr8"
              }
            ],
            "placement_policy": [
              {
                "host_affinity_rules": [],
                "placement_group_id": ""
              }
            ],
            "platform_id": "standard-v1",
            "resources": [
              {
                "core_fraction": 100,
                "cores": 4,
                "gpus": 0,
                "memory": 4
              }
            ],
            "scheduling_policy": [
              {
                "preemptible": false
              }
            ],
            "secondary_disk": [],
            "service_account_id": "",
            "status": "running",
            "timeouts": null,
            "zone": "ru-central1-a"
          },
          "sensitive_attributes": [],
          "private": "eyJlMmJmYjczMC1lY2FhLTExZTYtOGY4OC0zNDM2M2JjN2M0YzAiOnsiY3JlYXRlIjozMDAwMDAwMDAwMDAsImRlbGV0ZSI6MzAwMDAwMDAwMDAwLCJ1cGRhdGUiOjMwMDAwMDAwMDAwMH0sInNjaGVtYV92ZXJzaW9uIjoiMSJ9",
          "dependencies": [
            "yandex_vpc_network.network-1",
            "yandex_vpc_subnet.subnet-1"
          ]
        }
      ]
    },
    {
      "mode": "managed",
      "type": "yandex_vpc_network",
      "name": "network-1",
      "provider": "provider[\"registry.tfpla.net/yandex-cloud/yandex\"]",
      "instances": [
        {
          "schema_version": 0,
          "attributes": {
            "created_at": "2022-11-30T13:45:03Z",
            "default_security_group_id": "",
            "description": "",
            "folder_id": "b1gve20no6km23e5e2af",
            "id": "enp5hb5fostsqom9ftr9",
            "labels": {},
            "name": "network1",
            "subnet_ids": [],
            "timeouts": null
          },
          "sensitive_attributes": [],
          "private": "eyJlMmJmYjczMC1lY2FhLTExZTYtOGY4OC0zNDM2M2JjN2M0YzAiOnsiY3JlYXRlIjo2MDAwMDAwMDAwMCwiZGVsZXRlIjo2MDAwMDAwMDAwMCwidXBkYXRlIjo2MDAwMDAwMDAwMH19"
        }
      ]
    },
    {
      "mode": "managed",
      "type": "yandex_vpc_subnet",
      "name": "subnet-1",
      "provider": "provider[\"registry.tfpla.net/yandex-cloud/yandex\"]",
      "instances": [
        {
          "schema_version": 0,
          "attributes": {
            "created_at": "2022-11-30T13:45:04Z",
            "description": "",
            "dhcp_options": [],
            "folder_id": "b1gve20no6km23e5e2af",
            "id": "e9bmdh18nebe5kbgshr8",
            "labels": {},
            "name": "subnet1",
            "network_id": "enp5hb5fostsqom9ftr9",
            "route_table_id": "",
            "timeouts": null,
            "v4_cidr_blocks": [
              "192.168.10.0/24"
            ],
            "v6_cidr_blocks": [],
            "zone": "ru-central1-a"
          },
          "sensitive_attributes": [],
          "private": "eyJlMmJmYjczMC1lY2FhLTExZTYtOGY4OC0zNDM2M2JjN2M0YzAiOnsiY3JlYXRlIjoxODAwMDAwMDAwMDAsImRlbGV0ZSI6MTgwMDAwMDAwMDAwLCJ1cGRhdGUiOjE4MDAwMDAwMDAwMH19",
          "dependencies": [
            "yandex_vpc_network.network-1"
          ]
        }
      ]
    }
  ],
  "check_results": null
}
